{
  "requires": true,
  "lockfileVersion": 1,
  "dependencies": {
    "lucide-react": {
      "version": "0.267.0",
      "resolved": "https://registry.npmjs.org/lucide-react/-/lucide-react-0.267.0.tgz",
      "integrity": "sha512-MoYEvKi22TvZG0XmbOrCOsxyYP6g+npqPWjFUGulPfYUNsswhwxMKDiwS4HoA882XF4aY1egCNLZNaBaeNZWqA=="
    }
  }
}
